
Microsoft Visual Studio Solution File, Format Version 12.00
# Visual Studio Version 16
VisualStudioVersion = 16.0.29503.13
MinimumVisualStudioVersion = 10.0.40219.1
Project("{FAE04EC0-301F-11D3-BF4B-00C04F79EFBC}") = "TextWebService", "TextWebService\TextWebService.csproj", "{FF224E78-9D1F-4D73-AA31-F4066BE29396}"
EndProject
Project("{FAE04EC0-301F-11D3-BF4B-00C04F79EFBC}") = "TextWebServiceClient", "TextWebServiceClient\TextWebServiceClient.csproj", "{5BE3BBC1-7707-473A-BBC1-F86C17D151FD}"
EndProject
Global
	GlobalSection(SolutionConfigurationPlatforms) = preSolution
		Debug|Any CPU = Debug|Any CPU
		Release|Any CPU = Release|Any CPU
	EndGlobalSection
	GlobalSection(ProjectConfigurationPlatforms) = postSolution
		{FF224E78-9D1F-4D73-AA31-F4066BE29396}.Debug|Any CPU.ActiveCfg = Debug|Any CPU
		{FF224E78-9D1F-4D73-AA31-F4066BE29396}.Debug|Any CPU.Build.0 = Debug|Any CPU
		{FF224E78-9D1F-4D73-AA31-F4066BE29396}.Release|Any CPU.ActiveCfg = Release|Any CPU
		{FF224E78-9D1F-4D73-AA31-F4066BE29396}.Release|Any CPU.Build.0 = Release|Any CPU
		{5BE3BBC1-7707-473A-BBC1-F86C17D151FD}.Debug|Any CPU.ActiveCfg = Debug|Any CPU
		{5BE3BBC1-7707-473A-BBC1-F86C17D151FD}.Debug|Any CPU.Build.0 = Debug|Any CPU
		{5BE3BBC1-7707-473A-BBC1-F86C17D151FD}.Release|Any CPU.ActiveCfg = Release|Any CPU
		{5BE3BBC1-7707-473A-BBC1-F86C17D151FD}.Release|Any CPU.Build.0 = Release|Any CPU
	EndGlobalSection
	GlobalSection(SolutionProperties) = preSolution
		HideSolutionNode = FALSE
	EndGlobalSection
	GlobalSection(ExtensibilityGlobals) = postSolution
		SolutionGuid = {696FC2A1-F698-4C45-B425-82484F2EB51E}
	EndGlobalSection
EndGlobal
